
Microsoft Visual Studio Solution File, Format Version 12.00
# Visual Studio Version 17
VisualStudioVersion = 17.7.34031.279
MinimumVisualStudioVersion = 10.0.40219.1
Project("{FAE04EC0-301F-11D3-BF4B-00C04F79EFBC}") = "HappyHolidays_Leo", "HappyHolidays_Leo\HappyHolidays_Leo.csproj", "{1C11F539-F258-4DEB-BD2B-39C5708D5FB7}"
EndProject
Global
	GlobalSection(SolutionConfigurationPlatforms) = preSolution
		Debug|Any CPU = Debug|Any CPU
		Release|Any CPU = Release|Any CPU
	EndGlobalSection
	GlobalSection(ProjectConfigurationPlatforms) = postSolution
		{1C11F539-F258-4DEB-BD2B-39C5708D5FB7}.Debug|Any CPU.ActiveCfg = Debug|Any CPU
		{1C11F539-F258-4DEB-BD2B-39C5708D5FB7}.Debug|Any CPU.Build.0 = Debug|Any CPU
		{1C11F539-F258-4DEB-BD2B-39C5708D5FB7}.Release|Any CPU.ActiveCfg = Release|Any CPU
		{1C11F539-F258-4DEB-BD2B-39C5708D5FB7}.Release|Any CPU.Build.0 = Release|Any CPU
	EndGlobalSection
	GlobalSection(SolutionProperties) = preSolution
		HideSolutionNode = FALSE
	EndGlobalSection
	GlobalSection(ExtensibilityGlobals) = postSolution
		SolutionGuid = {5F2E954B-FBE4-4C89-899B-C5B7A1DEC886}
	EndGlobalSection
EndGlobal
